// !$*UTF8*$!
{
	archiveVersion = 1;
	classes = {
	};
	objectVersion = 56;
	objects = {

/* Begin PBXBuildFile section */
		5CDF4ABA2BA17165007B1B0F /* AppDelegate.swift in Sources */ = {isa = PBXBuildFile; fileRef = 5CDF4AB92BA17165007B1B0F /* AppDelegate.swift */; };
		5CDF4ABC2BA17165007B1B0F /* SceneDelegate.swift in Sources */ = {isa = PBXBuildFile; fileRef = 5CDF4ABB2BA17165007B1B0F /* SceneDelegate.swift */; };
		5CDF4ABE2BA17165007B1B0F /* ViewController.swift in Sources */ = {isa = PBXBuildFile; fileRef = 5CDF4ABD2BA17165007B1B0F /* ViewController.swift */; };
		5CDF4AC12BA17165007B1B0F /* Base in Resources */ = {isa = PBXBuildFile; fileRef = 5CDF4AC02BA17165007B1B0F /* Base */; };
		5CDF4AC32BA17166007B1B0F /* Assets.xcassets in Resources */ = {isa = PBXBuildFile; fileRef = 5CDF4AC22BA17166007B1B0F /* Assets.xcassets */; };
		5CDF4AC62BA17166007B1B0F /* Base in Resources */ = {isa = PBXBuildFile; fileRef = 5CDF4AC52BA17166007B1B0F /* Base */; };
		5CDF4AD12BA17166007B1B0F /* You_Are_Awesome_Tests.swift in Sources */ = {isa = PBXBuildFile; fileRef = 5CDF4AD02BA17166007B1B0F /* You_Are_Awesome_Tests.swift */; };
		5CDF4ADB2BA17166007B1B0F /* You_Are_Awesome_UITests.swift in Sources */ = {isa = PBXBuildFile; fileRef = 5CDF4ADA2BA17166007B1B0F /* You_Are_Awesome_UITests.swift */; };
		5CDF4ADD2BA17166007B1B0F /* You_Are_Awesome_UITestsLaunchTests.swift in Sources */ = {isa = PBXBuildFile; fileRef = 5CDF4ADC2BA17166007B1B0F /* You_Are_Awesome_UITestsLaunchTests.swift */; };
/* End PBXBuildFile section */

/* Begin PBXContainerItemProxy section */
		5CDF4ACD2BA17166007B1B0F /* PBXContainerItemProxy */ = {
			isa = PBXContainerItemProxy;
			containerPortal = 5CDF4AAE2BA17165007B1B0F /* Project object */;
			proxyType = 1;
			remoteGlobalIDString = 5CDF4AB52BA17165007B1B0F;
			remoteInfo = "You Are Awesome!";
		};
		5CDF4AD72BA17166007B1B0F /* PBXContainerItemProxy */ = {
			isa = PBXContainerItemProxy;
			containerPortal = 5CDF4AAE2BA17165007B1B0F /* Project object */;
			proxyType = 1;
			remoteGlobalIDString = 5CDF4AB52BA17165007B1B0F;
			remoteInfo = "You Are Awesome!";
		};
/* End PBXContainerItemProxy section */

/* Begin PBXFileReference section */
		5CDF4AB62BA17165007B1B0F /* You Are Awesome!.app */ = {isa = PBXFileReference; explicitFileType = wrapper.application; includeInIndex = 0; path = "You Are Awesome!.app"; sourceTree = BUILT_PRODUCTS_DIR; };
		5CDF4AB92BA17165007B1B0F /* AppDelegate.swift */ = {isa = PBXFileReference; lastKnownFileType = sourcecode.swift; path = AppDelegate.swift; sourceTree = "<group>"; };
		5CDF4ABB2BA17165007B1B0F /* SceneDelegate.swift */ = {isa = PBXFileReference; lastKnownFileType = sourcecode.swift; path = SceneDelegate.swift; sourceTree = "<group>"; };
		5CDF4ABD2BA17165007B1B0F /* ViewController.swift */ = {isa = PBXFileReference; lastKnownFileType = sourcecode.swift; path = ViewController.swift; sourceTree = "<group>"; };
		5CDF4AC02BA17165007B1B0F /* Base */ = {isa = PBXFileReference; lastKnownFileType = file.storyboard; name = Base; path = Base.lproj/Main.storyboard; sourceTree = "<group>"; };
		5CDF4AC22BA17166007B1B0F /* Assets.xcassets */ = {isa = PBXFileReference; lastKnownFileType = folder.assetcatalog; path = Assets.xcassets; sourceTree = "<group>"; };
		5CDF4AC52BA17166007B1B0F /* Base */ = {isa = PBXFileReference; lastKnownFileType = file.storyboard; name = Base; path = Base.lproj/LaunchScreen.storyboard; sourceTree = "<group>"; };
		5CDF4AC72BA17166007B1B0F /* Info.plist */ = {isa = PBXFileReference; lastKnownFileType = text.plist.xml; path = Info.plist; sourceTree = "<group>"; };
		5CDF4ACC2BA17166007B1B0F /* You Are Awesome!Tests.xctest */ = {isa = PBXFileReference; explicitFileType = wrapper.cfbundle; includeInIndex = 0; path = "You Are Awesome!Tests.xctest"; sourceTree = BUILT_PRODUCTS_DIR; };
		5CDF4AD02BA17166007B1B0F /* You_Are_Awesome_Tests.swift */ = {isa = PBXFileReference; lastKnownFileType = sourcecode.swift; path = You_Are_Awesome_Tests.swift; sourceTree = "<group>"; };
		5CDF4AD62BA17166007B1B0F /* You Are Awesome!UITests.xctest */ = {isa = PBXFileReference; explicitFileType = wrapper.cfbundle; includeInIndex = 0; path = "You Are Awesome!UITests.xctest"; sourceTree = BUILT_PRODUCTS_DIR; };
		5CDF4ADA2BA17166007B1B0F /* You_Are_Awesome_UITests.swift */ = {isa = PBXFileReference; lastKnownFileType = sourcecode.swift; path = You_Are_Awesome_UITests.swift; sourceTree = "<group>"; };
		5CDF4ADC2BA17166007B1B0F /* You_Are_Awesome_UITestsLaunchTests.swift */ = {isa = PBXFileReference; lastKnownFileType = sourcecode.swift; path = You_Are_Awesome_UITestsLaunchTests.swift; sourceTree = "<group>"; };
/* End PBXFileReference section */

/* Begin PBXFrameworksBuildPhase section */
		5CDF4AB32BA17165007B1B0F /* Frameworks */ = {
			isa = PBXFrameworksBuildPhase;
			buildActionMask = 2147483647;
			files = (
			);
			runOnlyForDeploymentPostprocessing = 0;
		};
		5CDF4AC92BA17166007B1B0F /* Frameworks */ = {
			isa = PBXFrameworksBuildPhase;
			buildActionMask = 2147483647;
			files = (
			);
			runOnlyForDeploymentPostprocessing = 0;
		};
		5CDF4AD32BA17166007B1B0F /* Frameworks */ = {
			isa = PBXFrameworksBuildPhase;
			buildActionMask = 2147483647;
			files = (
			);
			runOnlyForDeploymentPostprocessing = 0;
		};
/* End PBXFrameworksBuildPhase section */

/* Begin PBXGroup section */
		5CDF4AAD2BA17165007B1B0F = {
			isa = PBXGroup;
			children = (
				5CDF4AB82BA17165007B1B0F /* You Are Awesome! */,
				5CDF4ACF2BA17166007B1B0F /* You Are Awesome!Tests */,
				5CDF4AD92BA17166007B1B0F /* You Are Awesome!UITests */,
				5CDF4AB72BA17165007B1B0F /* Products */,
			);
			sourceTree = "<group>";
		};
		5CDF4AB72BA17165007B1B0F /* Products */ = {
			isa = PBXGroup;
			children = (
				5CDF4AB62BA17165007B1B0F /* You Are Awesome!.app */,
				5CDF4ACC2BA17166007B1B0F /* You Are Awesome!Tests.xctest */,
				5CDF4AD62BA17166007B1B0F /* You Are Awesome!UITests.xctest */,
			);
			name = Products;
			sourceTree = "<group>";
		};
		5CDF4AB82BA17165007B1B0F /* You Are Awesome! */ = {
			isa = PBXGroup;
			children = (
				5CDF4AB92BA17165007B1B0F /* AppDelegate.swift */,
				5CDF4ABB2BA17165007B1B0F /* SceneDelegate.swift */,
				5CDF4ABD2BA17165007B1B0F /* ViewController.swift */,
				5CDF4ABF2BA17165007B1B0F /* Main.storyboard */,
				5CDF4AC22BA17166007B1B0F /* Assets.xcassets */,
				5CDF4AC42BA17166007B1B0F /* LaunchScreen.storyboard */,
				5CDF4AC72BA17166007B1B0F /* Info.plist */,
			);
			path = "You Are Awesome!";
			sourceTree = "<group>";
		};
		5CDF4ACF2BA17166007B1B0F /* You Are Awesome!Tests */ = {
			isa = PBXGroup;
			children = (
				5CDF4AD02BA17166007B1B0F /* You_Are_Awesome_Tests.swift */,
			);
			path = "You Are Awesome!Tests";
			sourceTree = "<group>";
		};
		5CDF4AD92BA17166007B1B0F /* You Are Awesome!UITests */ = {
			isa = PBXGroup;
			children = (
				5CDF4ADA2BA17166007B1B0F /* You_Are_Awesome_UITests.swift */,
				5CDF4ADC2BA17166007B1B0F /* You_Are_Awesome_UITestsLaunchTests.swift */,
			);
			path = "You Are Awesome!UITests";
			sourceTree = "<group>";
		};
/* End PBXGroup section */

/* Begin PBXNativeTarget section */
		5CDF4AB52BA17165007B1B0F /* You Are Awesome! */ = {
			isa = PBXNativeTarget;
			buildConfigurationList = 5CDF4AE02BA17166007B1B0F /* Build configuration list for PBXNativeTarget "You Are Awesome!" */;
			buildPhases = (
				5CDF4AB22BA17165007B1B0F /* Sources */,
				5CDF4AB32BA17165007B1B0F /* Frameworks */,
				5CDF4AB42BA17165007B1B0F /* Resources */,
			);
			buildRules = (
			);
			dependencies = (
			);
			name = "You Are Awesome!";
			productName = "You Are Awesome!";
			productReference = 5CDF4AB62BA17165007B1B0F /* You Are Awesome!.app */;
			productType = "com.apple.product-type.application";
		};
		5CDF4ACB2BA17166007B1B0F /* You Are Awesome!Tests */ = {
			isa = PBXNativeTarget;
			buildConfigurationList = 5CDF4AE32BA17166007B1B0F /* Build configuration list for PBXNativeTarget "You Are Awesome!Tests" */;
			buildPhases = (
				5CDF4AC82BA17166007B1B0F /* Sources */,
				5CDF4AC92BA17166007B1B0F /* Frameworks */,
				5CDF4ACA2BA17166007B1B0F /* Resources */,
			);
			buildRules = (
			);
			dependencies = (
				5CDF4ACE2BA17166007B1B0F /* PBXTargetDependency */,
			);
			name = "You Are Awesome!Tests";
			productName = "You Are Awesome!Tests";
			productReference = 5CDF4ACC2BA17166007B1B0F /* You Are Awesome!Tests.xctest */;
			productType = "com.apple.product-type.bundle.unit-test";
		};
		5CDF4AD52BA17166007B1B0F /* You Are Awesome!UITests */ = {
			isa = PBXNativeTarget;
			buildConfigurationList = 5CDF4AE62BA17166007B1B0F /* Build configuration list for PBXNativeTarget "You Are Awesome!UITests" */;
			buildPhases = (
				5CDF4AD22BA17166007B1B0F /* Sources */,
				5CDF4AD32BA17166007B1B0F /* Frameworks */,
				5CDF4AD42BA17166007B1B0F /* Resources */,
			);
			buildRules = (
			);
			dependencies = (
				5CDF4AD82BA17166007B1B0F /* PBXTargetDependency */,
			);
			name = "You Are Awesome!UITests";
			productName = "You Are Awesome!UITests";
			productReference = 5CDF4AD62BA17166007B1B0F /* You Are Awesome!UITests.xctest */;
			productType = "com.apple.product-type.bundle.ui-testing";
		};
/* End PBXNativeTarget section */

/* Begin PBXProject section */
		5CDF4AAE2BA17165007B1B0F /* Project object */ = {
			isa = PBXProject;
			attributes = {
				BuildIndependentTargetsInParallel = 1;
				LastSwiftUpdateCheck = 1530;
				LastUpgradeCheck = 1530;
				TargetAttributes = {
					5CDF4AB52BA17165007B1B0F = {
						CreatedOnToolsVersion = 15.3;
					};
					5CDF4ACB2BA17166007B1B0F = {
						CreatedOnToolsVersion = 15.3;
						TestTargetID = 5CDF4AB52BA17165007B1B0F;
					};
					5CDF4AD52BA17166007B1B0F = {
						CreatedOnToolsVersion = 15.3;
						TestTargetID = 5CDF4AB52BA17165007B1B0F;
					};
				};
			};
			buildConfigurationList = 5CDF4AB12BA17165007B1B0F /* Build configuration list for PBXProject "You Are Awesome!" */;
			compatibilityVersion = "Xcode 14.0";
			developmentRegion = en;
			hasScannedForEncodings = 0;
			knownRegions = (
				en,
				Base,
			);
			mainGroup = 5CDF4AAD2BA17165007B1B0F;
			productRefGroup = 5CDF4AB72BA17165007B1B0F /* Products */;
			projectDirPath = "";
			projectRoot = "";
			targets = (
				5CDF4AB52BA17165007B1B0F /* You Are Awesome! */,
				5CDF4ACB2BA17166007B1B0F /* You Are Awesome!Tests */,
				5CDF4AD52BA17166007B1B0F /* You Are Awesome!UITests */,
			);
		};
/* End PBXProject section */

/* Begin PBXResourcesBuildPhase section */
		5CDF4AB42BA17165007B1B0F /* Resources */ = {
			isa = PBXResourcesBuildPhase;
			buildActionMask = 2147483647;
			files = (
				5CDF4AC32BA17166007B1B0F /* Assets.xcassets in Resources */,
				5CDF4AC62BA17166007B1B0F /* Base in Resources */,
				5CDF4AC12BA17165007B1B0F /* Base in Resources */,
			);
			runOnlyForDeploymentPostprocessing = 0;
		};
		5CDF4ACA2BA17166007B1B0F /* Resources */ = {
			isa = PBXResourcesBuildPhase;
			buildActionMask = 2147483647;
			files = (
			);
			runOnlyForDeploymentPostprocessing = 0;
		};
		5CDF4AD42BA17166007B1B0F /* Resources */ = {
			isa = PBXResourcesBuildPhase;
			buildActionMask = 2147483647;
			files = (
			);
			runOnlyForDeploymentPostprocessing = 0;
		};
/* End PBXResourcesBuildPhase section */

/* Begin PBXSourcesBuildPhase section */
		5CDF4AB22BA17165007B1B0F /* Sources */ = {
			isa = PBXSourcesBuildPhase;
			buildActionMask = 2147483647;
			files = (
				5CDF4ABE2BA17165007B1B0F /* ViewController.swift in Sources */,
				5CDF4ABA2BA17165007B1B0F /* AppDelegate.swift in Sources */,
				5CDF4ABC2BA17165007B1B0F /* SceneDelegate.swift in Sources */,
			);
			runOnlyForDeploymentPostprocessing = 0;
		};
		5CDF4AC82BA17166007B1B0F /* Sources */ = {
			isa = PBXSourcesBuildPhase;
			buildActionMask = 2147483647;
			files = (
				5CDF4AD12BA17166007B1B0F /* You_Are_Awesome_Tests.swift in Sources */,
			);
			runOnlyForDeploymentPostprocessing = 0;
		};
		5CDF4AD22BA17166007B1B0F /* Sources */ = {
			isa = PBXSourcesBuildPhase;
			buildActionMask = 2147483647;
			files = (
				5CDF4ADB2BA17166007B1B0F /* You_Are_Awesome_UITests.swift in Sources */,
				5CDF4ADD2BA17166007B1B0F /* You_Are_Awesome_UITestsLaunchTests.swift in Sources */,
			);
			runOnlyForDeploymentPostprocessing = 0;
		};
/* End PBXSourcesBuildPhase section */

/* Begin PBXTargetDependency section */
		5CDF4ACE2BA17166007B1B0F /* PBXTargetDependency */ = {
			isa = PBXTargetDependency;
			target = 5CDF4AB52BA17165007B1B0F /* You Are Awesome! */;
			targetProxy = 5CDF4ACD2BA17166007B1B0F /* PBXContainerItemProxy */;
		};
		5CDF4AD82BA17166007B1B0F /* PBXTargetDependency */ = {
			isa = PBXTargetDependency;
			target = 5CDF4AB52BA17165007B1B0F /* You Are Awesome! */;
			targetProxy = 5CDF4AD72BA17166007B1B0F /* PBXContainerItemProxy */;
		};
/* End PBXTargetDependency section */

/* Begin PBXVariantGroup section */
		5CDF4ABF2BA17165007B1B0F /* Main.storyboard */ = {
			isa = PBXVariantGroup;
			children = (
				5CDF4AC02BA17165007B1B0F /* Base */,
			);
			name = Main.storyboard;
			sourceTree = "<group>";
		};
		5CDF4AC42BA17166007B1B0F /* LaunchScreen.storyboard */ = {
			isa = PBXVariantGroup;
			children = (
				5CDF4AC52BA17166007B1B0F /* Base */,
			);
			name = LaunchScreen.storyboard;
			sourceTree = "<group>";
		};
/* End PBXVariantGroup section */

/* Begin XCBuildConfiguration section */
		5CDF4ADE2BA17166007B1B0F /* Debug */ = {
			isa = XCBuildConfiguration;
			buildSettings = {
				ALWAYS_SEARCH_USER_PATHS = NO;
				ASSETCATALOG_COMPILER_GENERATE_SWIFT_ASSET_SYMBOL_EXTENSIONS = YES;
				CLANG_ANALYZER_NONNULL = YES;
				CLANG_ANALYZER_NUMBER_OBJECT_CONVERSION = YES_AGGRESSIVE;
				CLANG_CXX_LANGUAGE_STANDARD = "gnu++20";
				CLANG_ENABLE_MODULES = YES;
				CLANG_ENABLE_OBJC_ARC = YES;
				CLANG_ENABLE_OBJC_WEAK = YES;
				CLANG_WARN_BLOCK_CAPTURE_AUTORELEASING = YES;
				CLANG_WARN_BOOL_CONVERSION = YES;
				CLANG_WARN_COMMA = YES;
				CLANG_WARN_CONSTANT_CONVERSION = YES;
				CLANG_WARN_DEPRECATED_OBJC_IMPLEMENTATIONS = YES;
				CLANG_WARN_DIRECT_OBJC_ISA_USAGE = YES_ERROR;
				CLANG_WARN_DOCUMENTATION_COMMENTS = YES;
				CLANG_WARN_EMPTY_BODY = YES;
				CLANG_WARN_ENUM_CONVERSION = YES;
				CLANG_WARN_INFINITE_RECURSION = YES;
				CLANG_WARN_INT_CONVERSION = YES;
				CLANG_WARN_NON_LITERAL_NULL_CONVERSION = YES;
				CLANG_WARN_OBJC_IMPLICIT_RETAIN_SELF = YES;
				CLANG_WARN_OBJC_LITERAL_CONVERSION = YES;
				CLANG_WARN_OBJC_ROOT_CLASS = YES_ERROR;
				CLANG_WARN_QUOTED_INCLUDE_IN_FRAMEWORK_HEADER = YES;
				CLANG_WARN_RANGE_LOOP_ANALYSIS = YES;
				CLANG_WARN_STRICT_PROTOTYPES = YES;
				CLANG_WARN_SUSPICIOUS_MOVE = YES;
				CLANG_WARN_UNGUARDED_AVAILABILITY = YES_AGGRESSIVE;
				CLANG_WARN_UNREACHABLE_CODE = YES;
				CLANG_WARN__DUPLICATE_METHOD_MATCH = YES;
				COPY_PHASE_STRIP = NO;
				DEBUG_INFORMATION_FORMAT = dwarf;
				ENABLE_STRICT_OBJC_MSGSEND = YES;
				ENABLE_TESTABILITY = YES;
				ENABLE_USER_SCRIPT_SANDBOXING = YES;
				GCC_C_LANGUAGE_STANDARD = gnu17;
				GCC_DYNAMIC_NO_PIC = NO;
				GCC_NO_COMMON_BLOCKS = YES;
				GCC_OPTIMIZATION_LEVEL = 0;
				GCC_PREPROCESSOR_DEFINITIONS = (
					"DEBUG=1",
					"$(inherited)",
				);
				GCC_WARN_64_TO_32_BIT_CONVERSION = YES;
				GCC_WARN_ABOUT_RETURN_TYPE = YES_ERROR;
				GCC_WARN_UNDECLARED_SELECTOR = YES;
				GCC_WARN_UNINITIALIZED_AUTOS = YES_AGGRESSIVE;
				GCC_WARN_UNUSED_FUNCTION = YES;
				GCC_WARN_UNUSED_VARIABLE = YES;
				IPHONEOS_DEPLOYMENT_TARGET = 17.4;
				LOCALIZATION_PREFERS_STRING_CATALOGS = YES;
				MTL_ENABLE_DEBUG_INFO = INCLUDE_SOURCE;
				MTL_FAST_MATH = YES;
				ONLY_ACTIVE_ARCH = YES;
				SDKROOT = iphoneos;
				SWIFT_ACTIVE_COMPILATION_CONDITIONS = "DEBUG $(inherited)";
				SWIFT_OPTIMIZATION_LEVEL = "-Onone";
			};
			name = Debug;
		};
		5CDF4ADF2BA17166007B1B0F /* Release */ = {
			isa = XCBuildConfiguration;
			buildSettings = {
				ALWAYS_SEARCH_USER_PATHS = NO;
				ASSETCATALOG_COMPILER_GENERATE_SWIFT_ASSET_SYMBOL_EXTENSIONS = YES;
				CLANG_ANALYZER_NONNULL = YES;
				CLANG_ANALYZER_NUMBER_OBJECT_CONVERSION = YES_AGGRESSIVE;
				CLANG_CXX_LANGUAGE_STANDARD = "gnu++20";
				CLANG_ENABLE_MODULES = YES;
				CLANG_ENABLE_OBJC_ARC = YES;
				CLANG_ENABLE_OBJC_WEAK = YES;
				CLANG_WARN_BLOCK_CAPTURE_AUTORELEASING = YES;
				CLANG_WARN_BOOL_CONVERSION = YES;
				CLANG_WARN_COMMA = YES;
				CLANG_WARN_CONSTANT_CONVERSION = YES;
				CLANG_WARN_DEPRECATED_OBJC_IMPLEMENTATIONS = YES;
				CLANG_WARN_DIRECT_OBJC_ISA_USAGE = YES_ERROR;
				CLANG_WARN_DOCUMENTATION_COMMENTS = YES;
				CLANG_WARN_EMPTY_BODY = YES;
				CLANG_WARN_ENUM_CONVERSION = YES;
				CLANG_WARN_INFINITE_RECURSION = YES;
				CLANG_WARN_INT_CONVERSION = YES;
				CLANG_WARN_NON_LITERAL_NULL_CONVERSION = YES;
				CLANG_WARN_OBJC_IMPLICIT_RETAIN_SELF = YES;
				CLANG_WARN_OBJC_LITERAL_CONVERSION = YES;
				CLANG_WARN_OBJC_ROOT_CLASS = YES_ERROR;
				CLANG_WARN_QUOTED_INCLUDE_IN_FRAMEWORK_HEADER = YES;
				CLANG_WARN_RANGE_LOOP_ANALYSIS = YES;
				CLANG_WARN_STRICT_PROTOTYPES = YES;
				CLANG_WARN_SUSPICIOUS_MOVE = YES;
				CLANG_WARN_UNGUARDED_AVAILABILITY = YES_AGGRESSIVE;
				CLANG_WARN_UNREACHABLE_CODE = YES;
				CLANG_WARN__DUPLICATE_METHOD_MATCH = YES;
				COPY_PHASE_STRIP = NO;
				DEBUG_INFORMATION_FORMAT = "dwarf-with-dsym";
				ENABLE_NS_ASSERTIONS = NO;
				ENABLE_STRICT_OBJC_MSGSEND = YES;
				ENABLE_USER_SCRIPT_SANDBOXING = YES;
				GCC_C_LANGUAGE_STANDARD = gnu17;
				GCC_NO_COMMON_BLOCKS = YES;
				GCC_WARN_64_TO_32_BIT_CONVERSION = YES;
				GCC_WARN_ABOUT_RETURN_TYPE = YES_ERROR;
				GCC_WARN_UNDECLARED_SELECTOR = YES;
				GCC_WARN_UNINITIALIZED_AUTOS = YES_AGGRESSIVE;
				GCC_WARN_UNUSED_FUNCTION = YES;
				GCC_WARN_UNUSED_VARIABLE = YES;
				IPHONEOS_DEPLOYMENT_TARGET = 17.4;
				LOCALIZATION_PREFERS_STRING_CATALOGS = YES;
				MTL_ENABLE_DEBUG_INFO = NO;
				MTL_FAST_MATH = YES;
				SDKROOT = iphoneos;
				SWIFT_COMPILATION_MODE = wholemodule;
				VALIDATE_PRODUCT = YES;
			};
			name = Release;
		};
		5CDF4AE12BA17166007B1B0F /* Debug */ = {
			isa = XCBuildConfiguration;
			buildSettings = {
				ASSETCATALOG_COMPILER_APPICON_NAME = AppIcon;
				ASSETCATALOG_COMPILER_GLOBAL_ACCENT_COLOR_NAME = AccentColor;
				CODE_SIGN_STYLE = Automatic;
				CURRENT_PROJECT_VERSION = 1;
				DEVELOPMENT_TEAM = YPGVPQ2632;
				GENERATE_INFOPLIST_FILE = YES;
				INFOPLIST_FILE = "You Are Awesome!/Info.plist";
				INFOPLIST_KEY_UIApplicationSupportsIndirectInputEvents = YES;
				INFOPLIST_KEY_UILaunchStoryboardName = LaunchScreen;
				INFOPLIST_KEY_UIMainStoryboardFile = Main;
				INFOPLIST_KEY_UISupportedInterfaceOrientations_iPad = "UIInterfaceOrientationPortrait UIInterfaceOrientationPortraitUpsideDown UIInterfaceOrientationLandscapeLeft UIInterfaceOrientationLandscapeRight";
				INFOPLIST_KEY_UISupportedInterfaceOrientations_iPhone = "UIInterfaceOrientationPortrait UIInterfaceOrientationLandscapeLeft UIInterfaceOrientationLandscapeRight";
				LD_RUNPATH_SEARCH_PATHS = (
					"$(inherited)",
					"@executable_path/Frameworks",
				);
				MARKETING_VERSION = 1.0;
				PRODUCT_BUNDLE_IDENTIFIER = "mgarcia.You-Are-Awesome-";
				PRODUCT_NAME = "$(TARGET_NAME)";
				SWIFT_EMIT_LOC_STRINGS = YES;
				SWIFT_VERSION = 5.0;
				TARGETED_DEVICE_FAMILY = "1,2";
			};
			name = Debug;
		};
		5CDF4AE22BA17166007B1B0F /* Release */ = {
			isa = XCBuildConfiguration;
			buildSettings = {
				ASSETCATALOG_COMPILER_APPICON_NAME = AppIcon;
				ASSETCATALOG_COMPILER_GLOBAL_ACCENT_COLOR_NAME = AccentColor;
				CODE_SIGN_STYLE = Automatic;
				CURRENT_PROJECT_VERSION = 1;
				DEVELOPMENT_TEAM = YPGVPQ2632;
				GENERATE_INFOPLIST_FILE = YES;
				INFOPLIST_FILE = "You Are Awesome!/Info.plist";
				INFOPLIST_KEY_UIApplicationSupportsIndirectInputEvents = YES;
				INFOPLIST_KEY_UILaunchStoryboardName = LaunchScreen;
				INFOPLIST_KEY_UIMainStoryboardFile = Main;
				INFOPLIST_KEY_UISupportedInterfaceOrientations_iPad = "UIInterfaceOrientationPortrait UIInterfaceOrientationPortraitUpsideDown UIInterfaceOrientationLandscapeLeft UIInterfaceOrientationLandscapeRight";
				INFOPLIST_KEY_UISupportedInterfaceOrientations_iPhone = "UIInterfaceOrientationPortrait UIInterfaceOrientationLandscapeLeft UIInterfaceOrientationLandscapeRight";
				LD_RUNPATH_SEARCH_PATHS = (
					"$(inherited)",
					"@executable_path/Frameworks",
				);
				MARKETING_VERSION = 1.0;
				PRODUCT_BUNDLE_IDENTIFIER = "mgarcia.You-Are-Awesome-";
				PRODUCT_NAME = "$(TARGET_NAME)";
				SWIFT_EMIT_LOC_STRINGS = YES;
				SWIFT_VERSION = 5.0;
				TARGETED_DEVICE_FAMILY = "1,2";
			};
			name = Release;
		};
		5CDF4AE42BA17166007B1B0F /* Debug */ = {
			isa = XCBuildConfiguration;
			buildSettings = {
				ALWAYS_EMBED_SWIFT_STANDARD_LIBRARIES = YES;
				BUNDLE_LOADER = "$(TEST_HOST)";
				CODE_SIGN_STYLE = Automatic;
				CURRENT_PROJECT_VERSION = 1;
				DEVELOPMENT_TEAM = YPGVPQ2632;
				GENERATE_INFOPLIST_FILE = YES;
				IPHONEOS_DEPLOYMENT_TARGET = 17.4;
				MARKETING_VERSION = 1.0;
				PRODUCT_BUNDLE_IDENTIFIER = "mgarcia.You-Are-Awesome-Tests";
				PRODUCT_NAME = "$(TARGET_NAME)";
				SWIFT_EMIT_LOC_STRINGS = NO;
				SWIFT_VERSION = 5.0;
				TARGETED_DEVICE_FAMILY = "1,2";
				TEST_HOST = "$(BUILT_PRODUCTS_DIR)/You Are Awesome!.app/$(BUNDLE_EXECUTABLE_FOLDER_PATH)/You Are Awesome!";
			};
			name = Debug;
		};
		5CDF4AE52BA17166007B1B0F /* Release */ = {
			isa = XCBuildConfiguration;
			buildSettings = {
				ALWAYS_EMBED_SWIFT_STANDARD_LIBRARIES = YES;
				BUNDLE_LOADER = "$(TEST_HOST)";
				CODE_SIGN_STYLE = Automatic;
				CURRENT_PROJECT_VERSION = 1;
				DEVELOPMENT_TEAM = YPGVPQ2632;
				GENERATE_INFOPLIST_FILE = YES;
				IPHONEOS_DEPLOYMENT_TARGET = 17.4;
				MARKETING_VERSION = 1.0;
				PRODUCT_BUNDLE_IDENTIFIER = "mgarcia.You-Are-Awesome-Tests";
				PRODUCT_NAME = "$(TARGET_NAME)";
				SWIFT_EMIT_LOC_STRINGS = NO;
				SWIFT_VERSION = 5.0;
				TARGETED_DEVICE_FAMILY = "1,2";
				TEST_HOST = "$(BUILT_PRODUCTS_DIR)/You Are Awesome!.app/$(BUNDLE_EXECUTABLE_FOLDER_PATH)/You Are Awesome!";
			};
			name = Release;
		};
		5CDF4AE72BA17166007B1B0F /* Debug */ = {
			isa = XCBuildConfiguration;
			buildSettings = {
				ALWAYS_EMBED_SWIFT_STANDARD_LIBRARIES = YES;
				CODE_SIGN_STYLE = Automatic;
				CURRENT_PROJECT_VERSION = 1;
				DEVELOPMENT_TEAM = YPGVPQ2632;
				GENERATE_INFOPLIST_FILE = YES;
				MARKETING_VERSION = 1.0;
				PRODUCT_BUNDLE_IDENTIFIER = "mgarcia.You-Are-Awesome-UITests";
				PRODUCT_NAME = "$(TARGET_NAME)";
				SWIFT_EMIT_LOC_STRINGS = NO;
				SWIFT_VERSION = 5.0;
				TARGETED_DEVICE_FAMILY = "1,2";
				TEST_TARGET_NAME = "You Are Awesome!";
			};
			name = Debug;
		};
		5CDF4AE82BA17166007B1B0F /* Release */ = {
			isa = XCBuildConfiguration;
			buildSettings = {
				ALWAYS_EMBED_SWIFT_STANDARD_LIBRARIES = YES;
				CODE_SIGN_STYLE = Automatic;
				CURRENT_PROJECT_VERSION = 1;
				DEVELOPMENT_TEAM = YPGVPQ2632;
				GENERATE_INFOPLIST_FILE = YES;
				MARKETING_VERSION = 1.0;
				PRODUCT_BUNDLE_IDENTIFIER = "mgarcia.You-Are-Awesome-UITests";
				PRODUCT_NAME = "$(TARGET_NAME)";
				SWIFT_EMIT_LOC_STRINGS = NO;
				SWIFT_VERSION = 5.0;
				TARGETED_DEVICE_FAMILY = "1,2";
				TEST_TARGET_NAME = "You Are Awesome!";
			};
			name = Release;
		};
/* End XCBuildConfiguration section */

/* Begin XCConfigurationList section */
		5CDF4AB12BA17165007B1B0F /* Build configuration list for PBXProject "You Are Awesome!" */ = {
			isa = XCConfigurationList;
			buildConfigurations = (
				5CDF4ADE2BA17166007B1B0F /* Debug */,
				5CDF4ADF2BA17166007B1B0F /* Release */,
			);
			defaultConfigurationIsVisible = 0;
			defaultConfigurationName = Release;
		};
		5CDF4AE02BA17166007B1B0F /* Build configuration list for PBXNativeTarget "You Are Awesome!" */ = {
			isa = XCConfigurationList;
			buildConfigurations = (
				5CDF4AE12BA17166007B1B0F /* Debug */,
				5CDF4AE22BA17166007B1B0F /* Release */,
			);
			defaultConfigurationIsVisible = 0;
			defaultConfigurationName = Release;
		};
		5CDF4AE32BA17166007B1B0F /* Build configuration list for PBXNativeTarget "You Are Awesome!Tests" */ = {
			isa = XCConfigurationList;
			buildConfigurations = (
				5CDF4AE42BA17166007B1B0F /* Debug */,
				5CDF4AE52BA17166007B1B0F /* Release */,
			);
			defaultConfigurationIsVisible = 0;
			defaultConfigurationName = Release;
		};
		5CDF4AE62BA17166007B1B0F /* Build configuration list for PBXNativeTarget "You Are Awesome!UITests" */ = {
			isa = XCConfigurationList;
			buildConfigurations = (
				5CDF4AE72BA17166007B1B0F /* Debug */,
				5CDF4AE82BA17166007B1B0F /* Release */,
			);
			defaultConfigurationIsVisible = 0;
			defaultConfigurationName = Release;
		};
/* End XCConfigurationList section */
	};
	rootObject = 5CDF4AAE2BA17165007B1B0F /* Project object */;
}
